{
    "_readme": [
        "This file locks the dependencies of your project to a known state",
        "Read more about it at https://getcomposer.org/doc/01-basic-usage.md#composer-lock-the-lock-file",
        "This file is @generated automatically"
    ],
    "hash": "09d630ef1fef35d1019a895e18a590ed",
    "packages": [
        {
            "name": "parse/php-sdk",
            "version": "1.1.2",
            "source": {
                "type": "git",
                "url": "https://github.com/ParsePlatform/parse-php-sdk.git",
                "reference": "22efa1c8d35db107288c72495d81f62a191b077e"
            },
            "dist": {
                "type": "zip",
                "url": "https://api.github.com/repos/ParsePlatform/parse-php-sdk/zipball/22efa1c8d35db107288c72495d81f62a191b077e",
                "reference": "22efa1c8d35db107288c72495d81f62a191b077e",
                "shasum": ""
            },
            "require": {
                "ext-curl": "*",
                "ext-json": "*",
                "php": ">=5.4.0"
            },
            "require-dev": {
                "phpdocumentor/phpdocumentor": "~2.5",
                "phpunit/phpunit": "~4.0",
                "squizlabs/php_codesniffer": "~1.5"
            },
            "type": "library",
            "extra": {
                "branch-alias": {
                    "dev-master": "1.1-dev"
                }
            },
            "autoload": {
                "psr-4": {
                    "Parse\\": "src/Parse/"
                }
            },
            "notification-url": "https://packagist.org/downloads/",
            "license": [
                "Parse Platform License"
            ],
            "authors": [
                {
                    "name": "Parse",
                    "homepage": "https://github.com/parseplatform/parse-php-sdk/contributors"
                }
            ],
            "description": "Parse PHP SDK",
            "homepage": "https://github.com/parseplatform/parse-php-sdk",
            "keywords": [
                "parse",
                "sdk"
            ],
            "time": "2015-04-15 01:41:04"
        }
    ],
    "packages-dev": [],
    "aliases": [],
    "minimum-stability": "stable",
    "stability-flags": [],
    "prefer-stable": false,
    "prefer-lowest": false,
    "platform": [],
    "platform-dev": []
}
